
Microsoft Visual Studio Solution File, Format Version 12.00
# Visual Studio 15
VisualStudioVersion = 15.0.26430.13
MinimumVisualStudioVersion = 10.0.40219.1
Project("{D954291E-2A0B-460D-934E-DC6B0785DB48}") = "TD1_Xamarin", "TD1-Xamarin\TD1_Xamarin\TD1_Xamarin.shproj", "{86A103E5-3F69-46AB-A482-62D29DD4A65A}"
EndProject
Project("{FAE04EC0-301F-11D3-BF4B-00C04F79EFBC}") = "TD1_Xamarin.Android", "TD1-Xamarin\TD1_Xamarin.Android\TD1_Xamarin.Android.csproj", "{056EDD37-392C-4F0E-A39B-83B3DBA6F0C2}"
EndProject
Project("{FAE04EC0-301F-11D3-BF4B-00C04F79EFBC}") = "TD1_Xamarin.iOS", "TD1-Xamarin\TD1_Xamarin.iOS\TD1_Xamarin.iOS.csproj", "{B4DD54F8-9548-4D0B-BA60-B9CAE8549BDF}"
EndProject
Project("{FAE04EC0-301F-11D3-BF4B-00C04F79EFBC}") = "TD1_Xamarin.UWP", "TD1-Xamarin\TD1_Xamarin.UWP\TD1_Xamarin.UWP.csproj", "{B05A93D9-CDB6-454D-85CE-70B3841ED755}"
EndProject
Global
	GlobalSection(SharedMSBuildProjectFiles) = preSolution
		TD1-Xamarin\TD1_Xamarin\TD1_Xamarin.projitems*{056edd37-392c-4f0e-a39b-83b3dba6f0c2}*SharedItemsImports = 4
		TD1-Xamarin\TD1_Xamarin\TD1_Xamarin.projitems*{86a103e5-3f69-46ab-a482-62d29dd4a65a}*SharedItemsImports = 13
		TD1-Xamarin\TD1_Xamarin\TD1_Xamarin.projitems*{b4dd54f8-9548-4d0b-ba60-b9cae8549bdf}*SharedItemsImports = 4
	EndGlobalSection
	GlobalSection(SolutionConfigurationPlatforms) = preSolution
		Ad-Hoc|Any CPU = Ad-Hoc|Any CPU
		Ad-Hoc|ARM = Ad-Hoc|ARM
		Ad-Hoc|iPhone = Ad-Hoc|iPhone
		Ad-Hoc|iPhoneSimulator = Ad-Hoc|iPhoneSimulator
		Ad-Hoc|x64 = Ad-Hoc|x64
		Ad-Hoc|x86 = Ad-Hoc|x86
		AppStore|Any CPU = AppStore|Any CPU
		AppStore|ARM = AppStore|ARM
		AppStore|iPhone = AppStore|iPhone
		AppStore|iPhoneSimulator = AppStore|iPhoneSimulator
		AppStore|x64 = AppStore|x64
		AppStore|x86 = AppStore|x86
		Debug|Any CPU = Debug|Any CPU
		Debug|ARM = Debug|ARM
		Debug|iPhone = Debug|iPhone
		Debug|iPhoneSimulator = Debug|iPhoneSimulator
		Debug|x64 = Debug|x64
		Debug|x86 = Debug|x86
		Release|Any CPU = Release|Any CPU
		Release|ARM = Release|ARM
		Release|iPhone = Release|iPhone
		Release|iPhoneSimulator = Release|iPhoneSimulator
		Release|x64 = Release|x64
		Release|x86 = Release|x86
	EndGlobalSection
	GlobalSection(ProjectConfigurationPlatforms) = postSolution
		{056EDD37-392C-4F0E-A39B-83B3DBA6F0C2}.Ad-Hoc|Any CPU.ActiveCfg = Release|Any CPU
		{056EDD37-392C-4F0E-A39B-83B3DBA6F0C2}.Ad-Hoc|Any CPU.Build.0 = Release|Any CPU
		{056EDD37-392C-4F0E-A39B-83B3DBA6F0C2}.Ad-Hoc|Any CPU.Deploy.0 = Release|Any CPU
		{056EDD37-392C-4F0E-A39B-83B3DBA6F0C2}.Ad-Hoc|ARM.ActiveCfg = Release|Any CPU
		{056EDD37-392C-4F0E-A39B-83B3DBA6F0C2}.Ad-Hoc|ARM.Build.0 = Release|Any CPU
		{056EDD37-392C-4F0E-A39B-83B3DBA6F0C2}.Ad-Hoc|ARM.Deploy.0 = Release|Any CPU
		{056EDD37-392C-4F0E-A39B-83B3DBA6F0C2}.Ad-Hoc|iPhone.ActiveCfg = Release|Any CPU
		{056EDD37-392C-4F0E-A39B-83B3DBA6F0C2}.Ad-Hoc|iPhone.Build.0 = Release|Any CPU
		{056EDD37-392C-4F0E-A39B-83B3DBA6F0C2}.Ad-Hoc|iPhone.Deploy.0 = Release|Any CPU
		{056EDD37-392C-4F0E-A39B-83B3DBA6F0C2}.Ad-Hoc|iPhoneSimulator.ActiveCfg = Release|Any CPU
		{056EDD37-392C-4F0E-A39B-83B3DBA6F0C2}.Ad-Hoc|iPhoneSimulator.Build.0 = Release|Any CPU
		{056EDD37-392C-4F0E-A39B-83B3DBA6F0C2}.Ad-Hoc|iPhoneSimulator.Deploy.0 = Release|Any CPU
		{056EDD37-392C-4F0E-A39B-83B3DBA6F0C2}.Ad-Hoc|x64.ActiveCfg = Release|Any CPU
		{056EDD37-392C-4F0E-A39B-83B3DBA6F0C2}.Ad-Hoc|x64.Build.0 = Release|Any CPU
		{056EDD37-392C-4F0E-A39B-83B3DBA6F0C2}.Ad-Hoc|x64.Deploy.0 = Release|Any CPU
		{056EDD37-392C-4F0E-A39B-83B3DBA6F0C2}.Ad-Hoc|x86.ActiveCfg = Release|Any CPU
		{056EDD37-392C-4F0E-A39B-83B3DBA6F0C2}.Ad-Hoc|x86.Build.0 = Release|Any CPU
		{056EDD37-392C-4F0E-A39B-83B3DBA6F0C2}.Ad-Hoc|x86.Deploy.0 = Release|Any CPU
		{056EDD37-392C-4F0E-A39B-83B3DBA6F0C2}.AppStore|Any CPU.ActiveCfg = Release|Any CPU
		{056EDD37-392C-4F0E-A39B-83B3DBA6F0C2}.AppStore|Any CPU.Build.0 = Release|Any CPU
		{056EDD37-392C-4F0E-A39B-83B3DBA6F0C2}.AppStore|Any CPU.Deploy.0 = Release|Any CPU
		{056EDD37-392C-4F0E-A39B-83B3DBA6F0C2}.AppStore|ARM.ActiveCfg = Release|Any CPU
		{056EDD37-392C-4F0E-A39B-83B3DBA6F0C2}.AppStore|ARM.Build.0 = Release|Any CPU
		{056EDD37-392C-4F0E-A39B-83B3DBA6F0C2}.AppStore|ARM.Deploy.0 = Release|Any CPU
		{056EDD37-392C-4F0E-A39B-83B3DBA6F0C2}.AppStore|iPhone.ActiveCfg = Release|Any CPU
		{056EDD37-392C-4F0E-A39B-83B3DBA6F0C2}.AppStore|iPhone.Build.0 = Release|Any CPU
		{056EDD37-392C-4F0E-A39B-83B3DBA6F0C2}.AppStore|iPhone.Deploy.0 = Release|Any CPU
		{056EDD37-392C-4F0E-A39B-83B3DBA6F0C2}.AppStore|iPhoneSimulator.ActiveCfg = Release|Any CPU
		{056EDD37-392C-4F0E-A39B-83B3DBA6F0C2}.AppStore|iPhoneSimulator.Build.0 = Release|Any CPU
		{056EDD37-392C-4F0E-A39B-83B3DBA6F0C2}.AppStore|iPhoneSimulator.Deploy.0 = Release|Any CPU
		{056EDD37-392C-4F0E-A39B-83B3DBA6F0C2}.AppStore|x64.ActiveCfg = Release|Any CPU
		{056EDD37-392C-4F0E-A39B-83B3DBA6F0C2}.AppStore|x64.Build.0 = Release|Any CPU
		{056EDD37-392C-4F0E-A39B-83B3DBA6F0C2}.AppStore|x64.Deploy.0 = Release|Any CPU
		{056EDD37-392C-4F0E-A39B-83B3DBA6F0C2}.AppStore|x86.ActiveCfg = Release|Any CPU
		{056EDD37-392C-4F0E-A39B-83B3DBA6F0C2}.AppStore|x86.Build.0 = Release|Any CPU
		{056EDD37-392C-4F0E-A39B-83B3DBA6F0C2}.AppStore|x86.Deploy.0 = Release|Any CPU
		{056EDD37-392C-4F0E-A39B-83B3DBA6F0C2}.Debug|Any CPU.ActiveCfg = Debug|Any CPU
		{056EDD37-392C-4F0E-A39B-83B3DBA6F0C2}.Debug|ARM.ActiveCfg = Debug|Any CPU
		{056EDD37-392C-4F0E-A39B-83B3DBA6F0C2}.Debug|ARM.Build.0 = Debug|Any CPU
		{056EDD37-392C-4F0E-A39B-83B3DBA6F0C2}.Debug|ARM.Deploy.0 = Debug|Any CPU
		{056EDD37-392C-4F0E-A39B-83B3DBA6F0C2}.Debug|iPhone.ActiveCfg = Debug|Any CPU
		{056EDD37-392C-4F0E-A39B-83B3DBA6F0C2}.Debug|iPhone.Build.0 = Debug|Any CPU
		{056EDD37-392C-4F0E-A39B-83B3DBA6F0C2}.Debug|iPhone.Deploy.0 = Debug|Any CPU
		{056EDD37-392C-4F0E-A39B-83B3DBA6F0C2}.Debug|iPhoneSimulator.ActiveCfg = Debug|Any CPU
		{056EDD37-392C-4F0E-A39B-83B3DBA6F0C2}.Debug|iPhoneSimulator.Build.0 = Debug|Any CPU
		{056EDD37-392C-4F0E-A39B-83B3DBA6F0C2}.Debug|iPhoneSimulator.Deploy.0 = Debug|Any CPU
		{056EDD37-392C-4F0E-A39B-83B3DBA6F0C2}.Debug|x64.ActiveCfg = Debug|Any CPU
		{056EDD37-392C-4F0E-A39B-83B3DBA6F0C2}.Debug|x64.Build.0 = Debug|Any CPU
		{056EDD37-392C-4F0E-A39B-83B3DBA6F0C2}.Debug|x64.Deploy.0 = Debug|Any CPU
		{056EDD37-392C-4F0E-A39B-83B3DBA6F0C2}.Debug|x86.ActiveCfg = Debug|Any CPU
		{056EDD37-392C-4F0E-A39B-83B3DBA6F0C2}.Debug|x86.Build.0 = Debug|Any CPU
		{056EDD37-392C-4F0E-A39B-83B3DBA6F0C2}.Debug|x86.Deploy.0 = Debug|Any CPU
		{056EDD37-392C-4F0E-A39B-83B3DBA6F0C2}.Release|Any CPU.ActiveCfg = Release|Any CPU
		{056EDD37-392C-4F0E-A39B-83B3DBA6F0C2}.Release|Any CPU.Build.0 = Release|Any CPU
		{056EDD37-392C-4F0E-A39B-83B3DBA6F0C2}.Release|Any CPU.Deploy.0 = Release|Any CPU
		{056EDD37-392C-4F0E-A39B-83B3DBA6F0C2}.Release|ARM.ActiveCfg = Release|Any CPU
		{056EDD37-392C-4F0E-A39B-83B3DBA6F0C2}.Release|ARM.Build.0 = Release|Any CPU
		{056EDD37-392C-4F0E-A39B-83B3DBA6F0C2}.Release|ARM.Deploy.0 = Release|Any CPU
		{056EDD37-392C-4F0E-A39B-83B3DBA6F0C2}.Release|iPhone.ActiveCfg = Release|Any CPU
		{056EDD37-392C-4F0E-A39B-83B3DBA6F0C2}.Release|iPhone.Build.0 = Release|Any CPU
		{056EDD37-392C-4F0E-A39B-83B3DBA6F0C2}.Release|iPhone.Deploy.0 = Release|Any CPU
		{056EDD37-392C-4F0E-A39B-83B3DBA6F0C2}.Release|iPhoneSimulator.ActiveCfg = Release|Any CPU
		{056EDD37-392C-4F0E-A39B-83B3DBA6F0C2}.Release|iPhoneSimulator.Build.0 = Release|Any CPU
		{056EDD37-392C-4F0E-A39B-83B3DBA6F0C2}.Release|iPhoneSimulator.Deploy.0 = Release|Any CPU
		{056EDD37-392C-4F0E-A39B-83B3DBA6F0C2}.Release|x64.ActiveCfg = Release|Any CPU
		{056EDD37-392C-4F0E-A39B-83B3DBA6F0C2}.Release|x64.Build.0 = Release|Any CPU
		{056EDD37-392C-4F0E-A39B-83B3DBA6F0C2}.Release|x64.Deploy.0 = Release|Any CPU
		{056EDD37-392C-4F0E-A39B-83B3DBA6F0C2}.Release|x86.ActiveCfg = Release|Any CPU
		{056EDD37-392C-4F0E-A39B-83B3DBA6F0C2}.Release|x86.Build.0 = Release|Any CPU
		{056EDD37-392C-4F0E-A39B-83B3DBA6F0C2}.Release|x86.Deploy.0 = Release|Any CPU
		{B4DD54F8-9548-4D0B-BA60-B9CAE8549BDF}.Ad-Hoc|Any CPU.ActiveCfg = Ad-Hoc|iPhone
		{B4DD54F8-9548-4D0B-BA60-B9CAE8549BDF}.Ad-Hoc|ARM.ActiveCfg = Ad-Hoc|iPhone
		{B4DD54F8-9548-4D0B-BA60-B9CAE8549BDF}.Ad-Hoc|iPhone.ActiveCfg = Ad-Hoc|iPhone
		{B4DD54F8-9548-4D0B-BA60-B9CAE8549BDF}.Ad-Hoc|iPhone.Build.0 = Ad-Hoc|iPhone
		{B4DD54F8-9548-4D0B-BA60-B9CAE8549BDF}.Ad-Hoc|iPhoneSimulator.ActiveCfg = Ad-Hoc|iPhoneSimulator
		{B4DD54F8-9548-4D0B-BA60-B9CAE8549BDF}.Ad-Hoc|iPhoneSimulator.Build.0 = Ad-Hoc|iPhoneSimulator
		{B4DD54F8-9548-4D0B-BA60-B9CAE8549BDF}.Ad-Hoc|x64.ActiveCfg = Ad-Hoc|iPhone
		{B4DD54F8-9548-4D0B-BA60-B9CAE8549BDF}.Ad-Hoc|x86.ActiveCfg = Ad-Hoc|iPhone
		{B4DD54F8-9548-4D0B-BA60-B9CAE8549BDF}.AppStore|Any CPU.ActiveCfg = AppStore|iPhone
		{B4DD54F8-9548-4D0B-BA60-B9CAE8549BDF}.AppStore|ARM.ActiveCfg = AppStore|iPhone
		{B4DD54F8-9548-4D0B-BA60-B9CAE8549BDF}.AppStore|iPhone.ActiveCfg = AppStore|iPhone
		{B4DD54F8-9548-4D0B-BA60-B9CAE8549BDF}.AppStore|iPhone.Build.0 = AppStore|iPhone
		{B4DD54F8-9548-4D0B-BA60-B9CAE8549BDF}.AppStore|iPhoneSimulator.ActiveCfg = AppStore|iPhoneSimulator
		{B4DD54F8-9548-4D0B-BA60-B9CAE8549BDF}.AppStore|iPhoneSimulator.Build.0 = AppStore|iPhoneSimulator
		{B4DD54F8-9548-4D0B-BA60-B9CAE8549BDF}.AppStore|x64.ActiveCfg = AppStore|iPhone
		{B4DD54F8-9548-4D0B-BA60-B9CAE8549BDF}.AppStore|x86.ActiveCfg = AppStore|iPhone
		{B4DD54F8-9548-4D0B-BA60-B9CAE8549BDF}.Debug|Any CPU.ActiveCfg = Debug|iPhone
		{B4DD54F8-9548-4D0B-BA60-B9CAE8549BDF}.Debug|ARM.ActiveCfg = Debug|iPhone
		{B4DD54F8-9548-4D0B-BA60-B9CAE8549BDF}.Debug|iPhone.ActiveCfg = Debug|iPhone
		{B4DD54F8-9548-4D0B-BA60-B9CAE8549BDF}.Debug|iPhone.Build.0 = Debug|iPhone
		{B4DD54F8-9548-4D0B-BA60-B9CAE8549BDF}.Debug|iPhoneSimulator.ActiveCfg = Debug|iPhoneSimulator
		{B4DD54F8-9548-4D0B-BA60-B9CAE8549BDF}.Debug|iPhoneSimulator.Build.0 = Debug|iPhoneSimulator
		{B4DD54F8-9548-4D0B-BA60-B9CAE8549BDF}.Debug|x64.ActiveCfg = Debug|iPhone
		{B4DD54F8-9548-4D0B-BA60-B9CAE8549BDF}.Debug|x86.ActiveCfg = Debug|iPhone
		{B4DD54F8-9548-4D0B-BA60-B9CAE8549BDF}.Release|Any CPU.ActiveCfg = Release|iPhone
		{B4DD54F8-9548-4D0B-BA60-B9CAE8549BDF}.Release|ARM.ActiveCfg = Release|iPhone
		{B4DD54F8-9548-4D0B-BA60-B9CAE8549BDF}.Release|iPhone.ActiveCfg = Release|iPhone
		{B4DD54F8-9548-4D0B-BA60-B9CAE8549BDF}.Release|iPhone.Build.0 = Release|iPhone
		{B4DD54F8-9548-4D0B-BA60-B9CAE8549BDF}.Release|iPhoneSimulator.ActiveCfg = Release|iPhoneSimulator
		{B4DD54F8-9548-4D0B-BA60-B9CAE8549BDF}.Release|iPhoneSimulator.Build.0 = Release|iPhoneSimulator
		{B4DD54F8-9548-4D0B-BA60-B9CAE8549BDF}.Release|x64.ActiveCfg = Release|iPhone
		{B4DD54F8-9548-4D0B-BA60-B9CAE8549BDF}.Release|x86.ActiveCfg = Release|iPhone
		{B05A93D9-CDB6-454D-85CE-70B3841ED755}.Ad-Hoc|Any CPU.ActiveCfg = Release|x86
		{B05A93D9-CDB6-454D-85CE-70B3841ED755}.Ad-Hoc|Any CPU.Build.0 = Release|x86
		{B05A93D9-CDB6-454D-85CE-70B3841ED755}.Ad-Hoc|Any CPU.Deploy.0 = Release|x86
		{B05A93D9-CDB6-454D-85CE-70B3841ED755}.Ad-Hoc|ARM.ActiveCfg = Release|ARM
		{B05A93D9-CDB6-454D-85CE-70B3841ED755}.Ad-Hoc|ARM.Build.0 = Release|ARM
		{B05A93D9-CDB6-454D-85CE-70B3841ED755}.Ad-Hoc|ARM.Deploy.0 = Release|ARM
		{B05A93D9-CDB6-454D-85CE-70B3841ED755}.Ad-Hoc|iPhone.ActiveCfg = Release|x86
		{B05A93D9-CDB6-454D-85CE-70B3841ED755}.Ad-Hoc|iPhone.Build.0 = Release|x86
		{B05A93D9-CDB6-454D-85CE-70B3841ED755}.Ad-Hoc|iPhone.Deploy.0 = Release|x86
		{B05A93D9-CDB6-454D-85CE-70B3841ED755}.Ad-Hoc|iPhoneSimulator.ActiveCfg = Release|x86
		{B05A93D9-CDB6-454D-85CE-70B3841ED755}.Ad-Hoc|iPhoneSimulator.Build.0 = Release|x86
		{B05A93D9-CDB6-454D-85CE-70B3841ED755}.Ad-Hoc|iPhoneSimulator.Deploy.0 = Release|x86
		{B05A93D9-CDB6-454D-85CE-70B3841ED755}.Ad-Hoc|x64.ActiveCfg = Release|x64
		{B05A93D9-CDB6-454D-85CE-70B3841ED755}.Ad-Hoc|x64.Build.0 = Release|x64
		{B05A93D9-CDB6-454D-85CE-70B3841ED755}.Ad-Hoc|x64.Deploy.0 = Release|x64
		{B05A93D9-CDB6-454D-85CE-70B3841ED755}.Ad-Hoc|x86.ActiveCfg = Release|x86
		{B05A93D9-CDB6-454D-85CE-70B3841ED755}.Ad-Hoc|x86.Build.0 = Release|x86
		{B05A93D9-CDB6-454D-85CE-70B3841ED755}.Ad-Hoc|x86.Deploy.0 = Release|x86
		{B05A93D9-CDB6-454D-85CE-70B3841ED755}.AppStore|Any CPU.ActiveCfg = Release|x86
		{B05A93D9-CDB6-454D-85CE-70B3841ED755}.AppStore|Any CPU.Build.0 = Release|x86
		{B05A93D9-CDB6-454D-85CE-70B3841ED755}.AppStore|Any CPU.Deploy.0 = Release|x86
		{B05A93D9-CDB6-454D-85CE-70B3841ED755}.AppStore|ARM.ActiveCfg = Release|ARM
		{B05A93D9-CDB6-454D-85CE-70B3841ED755}.AppStore|ARM.Build.0 = Release|ARM
		{B05A93D9-CDB6-454D-85CE-70B3841ED755}.AppStore|ARM.Deploy.0 = Release|ARM
		{B05A93D9-CDB6-454D-85CE-70B3841ED755}.AppStore|iPhone.ActiveCfg = Release|x86
		{B05A93D9-CDB6-454D-85CE-70B3841ED755}.AppStore|iPhone.Build.0 = Release|x86
		{B05A93D9-CDB6-454D-85CE-70B3841ED755}.AppStore|iPhone.Deploy.0 = Release|x86
		{B05A93D9-CDB6-454D-85CE-70B3841ED755}.AppStore|iPhoneSimulator.ActiveCfg = Release|x86
		{B05A93D9-CDB6-454D-85CE-70B3841ED755}.AppStore|iPhoneSimulator.Build.0 = Release|x86
		{B05A93D9-CDB6-454D-85CE-70B3841ED755}.AppStore|iPhoneSimulator.Deploy.0 = Release|x86
		{B05A93D9-CDB6-454D-85CE-70B3841ED755}.AppStore|x64.ActiveCfg = Release|x64
		{B05A93D9-CDB6-454D-85CE-70B3841ED755}.AppStore|x64.Build.0 = Release|x64
		{B05A93D9-CDB6-454D-85CE-70B3841ED755}.AppStore|x64.Deploy.0 = Release|x64
		{B05A93D9-CDB6-454D-85CE-70B3841ED755}.AppStore|x86.ActiveCfg = Release|x86
		{B05A93D9-CDB6-454D-85CE-70B3841ED755}.AppStore|x86.Build.0 = Release|x86
		{B05A93D9-CDB6-454D-85CE-70B3841ED755}.AppStore|x86.Deploy.0 = Release|x86
		{B05A93D9-CDB6-454D-85CE-70B3841ED755}.Debug|Any CPU.ActiveCfg = Debug|x86
		{B05A93D9-CDB6-454D-85CE-70B3841ED755}.Debug|Any CPU.Build.0 = Debug|x86
		{B05A93D9-CDB6-454D-85CE-70B3841ED755}.Debug|Any CPU.Deploy.0 = Debug|x86
		{B05A93D9-CDB6-454D-85CE-70B3841ED755}.Debug|ARM.ActiveCfg = Debug|ARM
		{B05A93D9-CDB6-454D-85CE-70B3841ED755}.Debug|ARM.Build.0 = Debug|ARM
		{B05A93D9-CDB6-454D-85CE-70B3841ED755}.Debug|ARM.Deploy.0 = Debug|ARM
		{B05A93D9-CDB6-454D-85CE-70B3841ED755}.Debug|iPhone.ActiveCfg = Debug|x86
		{B05A93D9-CDB6-454D-85CE-70B3841ED755}.Debug|iPhoneSimulator.ActiveCfg = Debug|x86
		{B05A93D9-CDB6-454D-85CE-70B3841ED755}.Debug|x64.ActiveCfg = Debug|x64
		{B05A93D9-CDB6-454D-85CE-70B3841ED755}.Debug|x64.Build.0 = Debug|x64
		{B05A93D9-CDB6-454D-85CE-70B3841ED755}.Debug|x64.Deploy.0 = Debug|x64
		{B05A93D9-CDB6-454D-85CE-70B3841ED755}.Debug|x86.ActiveCfg = Debug|x86
		{B05A93D9-CDB6-454D-85CE-70B3841ED755}.Debug|x86.Build.0 = Debug|x86
		{B05A93D9-CDB6-454D-85CE-70B3841ED755}.Debug|x86.Deploy.0 = Debug|x86
		{B05A93D9-CDB6-454D-85CE-70B3841ED755}.Release|Any CPU.ActiveCfg = Release|x86
		{B05A93D9-CDB6-454D-85CE-70B3841ED755}.Release|ARM.ActiveCfg = Release|ARM
		{B05A93D9-CDB6-454D-85CE-70B3841ED755}.Release|ARM.Build.0 = Release|ARM
		{B05A93D9-CDB6-454D-85CE-70B3841ED755}.Release|ARM.Deploy.0 = Release|ARM
		{B05A93D9-CDB6-454D-85CE-70B3841ED755}.Release|iPhone.ActiveCfg = Release|x86
		{B05A93D9-CDB6-454D-85CE-70B3841ED755}.Release|iPhoneSimulator.ActiveCfg = Release|x86
		{B05A93D9-CDB6-454D-85CE-70B3841ED755}.Release|x64.ActiveCfg = Release|x64
		{B05A93D9-CDB6-454D-85CE-70B3841ED755}.Release|x64.Build.0 = Release|x64
		{B05A93D9-CDB6-454D-85CE-70B3841ED755}.Release|x64.Deploy.0 = Release|x64
		{B05A93D9-CDB6-454D-85CE-70B3841ED755}.Release|x86.ActiveCfg = Release|x86
		{B05A93D9-CDB6-454D-85CE-70B3841ED755}.Release|x86.Build.0 = Release|x86
		{B05A93D9-CDB6-454D-85CE-70B3841ED755}.Release|x86.Deploy.0 = Release|x86
	EndGlobalSection
	GlobalSection(SolutionProperties) = preSolution
		HideSolutionNode = FALSE
	EndGlobalSection
EndGlobal
